
Microsoft Visual Studio Solution File, Format Version 12.00
# Visual Studio Version 17
VisualStudioVersion = 17.1.32407.343
MinimumVisualStudioVersion = 10.0.40219.1
Project("{FAE04EC0-301F-11D3-BF4B-00C04F79EFBC}") = "MyLeasing.Common", "MyLeasing.Common\MyLeasing.Common.csproj", "{1FBB1292-175A-4F4F-9AA1-5245293A7657}"
EndProject
Project("{FAE04EC0-301F-11D3-BF4B-00C04F79EFBC}") = "MyLeasing.Web", "MyLeasing.Web\MyLeasing.Web.csproj", "{2DE8CE5D-B73C-4F0E-9BFB-D21E390CBA88}"
EndProject
Global
	GlobalSection(SolutionConfigurationPlatforms) = preSolution
		Debug|Any CPU = Debug|Any CPU
		Release|Any CPU = Release|Any CPU
	EndGlobalSection
	GlobalSection(ProjectConfigurationPlatforms) = postSolution
		{1FBB1292-175A-4F4F-9AA1-5245293A7657}.Debug|Any CPU.ActiveCfg = Debug|Any CPU
		{1FBB1292-175A-4F4F-9AA1-5245293A7657}.Debug|Any CPU.Build.0 = Debug|Any CPU
		{1FBB1292-175A-4F4F-9AA1-5245293A7657}.Release|Any CPU.ActiveCfg = Release|Any CPU
		{1FBB1292-175A-4F4F-9AA1-5245293A7657}.Release|Any CPU.Build.0 = Release|Any CPU
		{2DE8CE5D-B73C-4F0E-9BFB-D21E390CBA88}.Debug|Any CPU.ActiveCfg = Debug|Any CPU
		{2DE8CE5D-B73C-4F0E-9BFB-D21E390CBA88}.Debug|Any CPU.Build.0 = Debug|Any CPU
		{2DE8CE5D-B73C-4F0E-9BFB-D21E390CBA88}.Release|Any CPU.ActiveCfg = Release|Any CPU
		{2DE8CE5D-B73C-4F0E-9BFB-D21E390CBA88}.Release|Any CPU.Build.0 = Release|Any CPU
	EndGlobalSection
	GlobalSection(SolutionProperties) = preSolution
		HideSolutionNode = FALSE
	EndGlobalSection
	GlobalSection(ExtensibilityGlobals) = postSolution
		SolutionGuid = {C7244F1A-0FB0-4725-AECE-9EF9EC2A68BF}
	EndGlobalSection
EndGlobal
